
Microsoft Visual Studio Solution File, Format Version 12.00
# Visual Studio Version 16
VisualStudioVersion = 16.0.29409.12
MinimumVisualStudioVersion = 10.0.40219.1
Project("{FAE04EC0-301F-11D3-BF4B-00C04F79EFBC}") = "FormsCodeAll", "FormsCodeAll\FormsCodeAll.csproj", "{5EB5F48E-5452-4543-8BFB-049A9C64DF47}"
EndProject
Global
	GlobalSection(SolutionConfigurationPlatforms) = preSolution
		Debug|Any CPU = Debug|Any CPU
		Release|Any CPU = Release|Any CPU
	EndGlobalSection
	GlobalSection(ProjectConfigurationPlatforms) = postSolution
		{5EB5F48E-5452-4543-8BFB-049A9C64DF47}.Debug|Any CPU.ActiveCfg = Debug|Any CPU
		{5EB5F48E-5452-4543-8BFB-049A9C64DF47}.Debug|Any CPU.Build.0 = Debug|Any CPU
		{5EB5F48E-5452-4543-8BFB-049A9C64DF47}.Release|Any CPU.ActiveCfg = Release|Any CPU
		{5EB5F48E-5452-4543-8BFB-049A9C64DF47}.Release|Any CPU.Build.0 = Release|Any CPU
	EndGlobalSection
	GlobalSection(SolutionProperties) = preSolution
		HideSolutionNode = FALSE
	EndGlobalSection
	GlobalSection(ExtensibilityGlobals) = postSolution
		SolutionGuid = {66DF0353-04F5-4A95-AD1A-32F1AEA98A72}
	EndGlobalSection
EndGlobal
